
Microsoft Visual Studio Solution File, Format Version 12.00
# Visual Studio Version 16
VisualStudioVersion = 25.0.1706.8
MinimumVisualStudioVersion = 10.0.40219.1
Project("{FAE04EC0-301F-11D3-BF4B-00C04F79EFBC}") = "ConnectFour", "ConnectFour.csproj", "{BBEA0691-AD6C-4533-B0C3-492708787D25}"
EndProject
Global
	GlobalSection(SolutionConfigurationPlatforms) = preSolution
		Debug|Any CPU = Debug|Any CPU
		Release|Any CPU = Release|Any CPU
	EndGlobalSection
	GlobalSection(ProjectConfigurationPlatforms) = postSolution
		{BBEA0691-AD6C-4533-B0C3-492708787D25}.Debug|Any CPU.ActiveCfg = Debug|Any CPU
		{BBEA0691-AD6C-4533-B0C3-492708787D25}.Debug|Any CPU.Build.0 = Debug|Any CPU
		{BBEA0691-AD6C-4533-B0C3-492708787D25}.Release|Any CPU.ActiveCfg = Release|Any CPU
		{BBEA0691-AD6C-4533-B0C3-492708787D25}.Release|Any CPU.Build.0 = Release|Any CPU
	EndGlobalSection
	GlobalSection(SolutionProperties) = preSolution
		HideSolutionNode = FALSE
	EndGlobalSection
	GlobalSection(ExtensibilityGlobals) = postSolution
		SolutionGuid = {8750825C-F383-4C92-99D0-6E4D032BF6A4}
	EndGlobalSection
EndGlobal
